
Microsoft Visual Studio Solution File, Format Version 12.00
# Visual Studio Version 17
VisualStudioVersion = 17.0.32112.339
MinimumVisualStudioVersion = 10.0.40219.1
Project("{FAE04EC0-301F-11D3-BF4B-00C04F79EFBC}") = "ProjetoMVC1", "ProjetoMVC1\ProjetoMVC1.csproj", "{0B361328-6BC2-4FFC-BBCF-D266FACA978F}"
EndProject
Global
	GlobalSection(SolutionConfigurationPlatforms) = preSolution
		Debug|Any CPU = Debug|Any CPU
		Release|Any CPU = Release|Any CPU
	EndGlobalSection
	GlobalSection(ProjectConfigurationPlatforms) = postSolution
		{0B361328-6BC2-4FFC-BBCF-D266FACA978F}.Debug|Any CPU.ActiveCfg = Debug|Any CPU
		{0B361328-6BC2-4FFC-BBCF-D266FACA978F}.Debug|Any CPU.Build.0 = Debug|Any CPU
		{0B361328-6BC2-4FFC-BBCF-D266FACA978F}.Release|Any CPU.ActiveCfg = Release|Any CPU
		{0B361328-6BC2-4FFC-BBCF-D266FACA978F}.Release|Any CPU.Build.0 = Release|Any CPU
	EndGlobalSection
	GlobalSection(SolutionProperties) = preSolution
		HideSolutionNode = FALSE
	EndGlobalSection
	GlobalSection(ExtensibilityGlobals) = postSolution
		SolutionGuid = {56BA54C3-6055-49D4-AA53-B61C4DB25C1C}
	EndGlobalSection
EndGlobal
